# THIS IS AN AUTOGENERATED FILE. DO NOT EDIT THIS FILE DIRECTLY.
# yarn lockfile v1


simple-statistics@^7.8.8:
  version "7.8.8"
  resolved "https://registry.yarnpkg.com/simple-statistics/-/simple-statistics-7.8.8.tgz#8acf4f78ba5a111e7c8424ffda2ac32fe353198c"
  integrity sha512-CUtP0+uZbcbsFpqEyvNDYjJCl+612fNgjT8GaVuvMG7tBuJg8gXGpsP5M7X658zy0IcepWOZ6nPBu1Qb9ezA1w==
